
Microsoft Visual Studio Solution File, Format Version 12.00
# Visual Studio 15
VisualStudioVersion = 15.0.27703.2035
MinimumVisualStudioVersion = 10.0.40219.1
Project("{FAE04EC0-301F-11D3-BF4B-00C04F79EFBC}") = "Three_impossible_data_structures", "Three_impossible_data_structures\Three_impossible_data_structures.csproj", "{B9F8CC7D-6FAA-40D2-82D4-E6B11AFDF2F7}"
EndProject
Global
	GlobalSection(SolutionConfigurationPlatforms) = preSolution
		Debug|Any CPU = Debug|Any CPU
		Release|Any CPU = Release|Any CPU
	EndGlobalSection
	GlobalSection(ProjectConfigurationPlatforms) = postSolution
		{B9F8CC7D-6FAA-40D2-82D4-E6B11AFDF2F7}.Debug|Any CPU.ActiveCfg = Debug|Any CPU
		{B9F8CC7D-6FAA-40D2-82D4-E6B11AFDF2F7}.Debug|Any CPU.Build.0 = Debug|Any CPU
		{B9F8CC7D-6FAA-40D2-82D4-E6B11AFDF2F7}.Release|Any CPU.ActiveCfg = Release|Any CPU
		{B9F8CC7D-6FAA-40D2-82D4-E6B11AFDF2F7}.Release|Any CPU.Build.0 = Release|Any CPU
	EndGlobalSection
	GlobalSection(SolutionProperties) = preSolution
		HideSolutionNode = FALSE
	EndGlobalSection
	GlobalSection(ExtensibilityGlobals) = postSolution
		SolutionGuid = {7D7EA316-7320-4C87-B342-A04EAC514942}
	EndGlobalSection
EndGlobal
